<Solution>
  <Project Path="../tests/QOps.ApiTests/QOps.ApiTests.csproj" />
  <Project Path="../tests/QOps.UnitTests/QOps.UnitTests.csproj" />
  <Project Path="QOps.API/QOps.API.csproj" />
  <Project Path="QOps.Application/QOps.Application.csproj" />
  <Project Path="QOps.Domain/QOps.Domain.csproj" />
  <Project Path="QOps.Infrastructure/QOps.Infrastructure.csproj" />
</Solution>
